// !$*UTF8*$!
{
	archiveVersion = 1;
	classes = {
	};
	objectVersion = 55;
	objects = {

/* Begin PBXBuildFile section */
		7416D273283F6D6A0042F773 /* AppDelegate.swift in Sources */ = {isa = PBXBuildFile; fileRef = 7416D272283F6D6A0042F773 /* AppDelegate.swift */; };
		7416D275283F6D6A0042F773 /* SceneDelegate.swift in Sources */ = {isa = PBXBuildFile; fileRef = 7416D274283F6D6A0042F773 /* SceneDelegate.swift */; };
		7416D27A283F6D6A0042F773 /* Main.storyboard in Resources */ = {isa = PBXBuildFile; fileRef = 7416D278283F6D6A0042F773 /* Main.storyboard */; };
		7416D27C283F6D6B0042F773 /* Assets.xcassets in Resources */ = {isa = PBXBuildFile; fileRef = 7416D27B283F6D6B0042F773 /* Assets.xcassets */; };
		7416D27F283F6D6B0042F773 /* LaunchScreen.storyboard in Resources */ = {isa = PBXBuildFile; fileRef = 7416D27D283F6D6B0042F773 /* LaunchScreen.storyboard */; };
		7416D287283F75B00042F773 /* TaskListTVC.swift in Sources */ = {isa = PBXBuildFile; fileRef = 7416D286283F75B00042F773 /* TaskListTVC.swift */; };
		7416D289283F76160042F773 /* TaskCell.swift in Sources */ = {isa = PBXBuildFile; fileRef = 7416D288283F76160042F773 /* TaskCell.swift */; };
		7416D28B283F76810042F773 /* TaskVC.swift in Sources */ = {isa = PBXBuildFile; fileRef = 7416D28A283F76810042F773 /* TaskVC.swift */; };
		7416D28D283F76E60042F773 /* Delegates.swift in Sources */ = {isa = PBXBuildFile; fileRef = 7416D28C283F76E60042F773 /* Delegates.swift */; };
		7416D28F283F76F50042F773 /* TaskModel.swift in Sources */ = {isa = PBXBuildFile; fileRef = 7416D28E283F76F50042F773 /* TaskModel.swift */; };
/* End PBXBuildFile section */

/* Begin PBXFileReference section */
		7416D26F283F6D6A0042F773 /* To-Do-List.app */ = {isa = PBXFileReference; explicitFileType = wrapper.application; includeInIndex = 0; path = "To-Do-List.app"; sourceTree = BUILT_PRODUCTS_DIR; };
		7416D272283F6D6A0042F773 /* AppDelegate.swift */ = {isa = PBXFileReference; lastKnownFileType = sourcecode.swift; path = AppDelegate.swift; sourceTree = "<group>"; };
		7416D274283F6D6A0042F773 /* SceneDelegate.swift */ = {isa = PBXFileReference; lastKnownFileType = sourcecode.swift; path = SceneDelegate.swift; sourceTree = "<group>"; };
		7416D279283F6D6A0042F773 /* Base */ = {isa = PBXFileReference; lastKnownFileType = file.storyboard; name = Base; path = Base.lproj/Main.storyboard; sourceTree = "<group>"; };
		7416D27B283F6D6B0042F773 /* Assets.xcassets */ = {isa = PBXFileReference; lastKnownFileType = folder.assetcatalog; path = Assets.xcassets; sourceTree = "<group>"; };
		7416D27E283F6D6B0042F773 /* Base */ = {isa = PBXFileReference; lastKnownFileType = file.storyboard; name = Base; path = Base.lproj/LaunchScreen.storyboard; sourceTree = "<group>"; };
		7416D280283F6D6B0042F773 /* Info.plist */ = {isa = PBXFileReference; lastKnownFileType = text.plist.xml; path = Info.plist; sourceTree = "<group>"; };
		7416D286283F75B00042F773 /* TaskListTVC.swift */ = {isa = PBXFileReference; lastKnownFileType = sourcecode.swift; path = TaskListTVC.swift; sourceTree = "<group>"; };
		7416D288283F76160042F773 /* TaskCell.swift */ = {isa = PBXFileReference; lastKnownFileType = sourcecode.swift; path = TaskCell.swift; sourceTree = "<group>"; };
		7416D28A283F76810042F773 /* TaskVC.swift */ = {isa = PBXFileReference; lastKnownFileType = sourcecode.swift; path = TaskVC.swift; sourceTree = "<group>"; };
		7416D28C283F76E60042F773 /* Delegates.swift */ = {isa = PBXFileReference; lastKnownFileType = sourcecode.swift; path = Delegates.swift; sourceTree = "<group>"; };
		7416D28E283F76F50042F773 /* TaskModel.swift */ = {isa = PBXFileReference; lastKnownFileType = sourcecode.swift; path = TaskModel.swift; sourceTree = "<group>"; };
/* End PBXFileReference section */

/* Begin PBXFrameworksBuildPhase section */
		7416D26C283F6D6A0042F773 /* Frameworks */ = {
			isa = PBXFrameworksBuildPhase;
			buildActionMask = 2147483647;
			files = (
			);
			runOnlyForDeploymentPostprocessing = 0;
		};
/* End PBXFrameworksBuildPhase section */

/* Begin PBXGroup section */
		7416D266283F6D6A0042F773 = {
			isa = PBXGroup;
			children = (
				7416D271283F6D6A0042F773 /* To-Do-List */,
				7416D270283F6D6A0042F773 /* Products */,
			);
			sourceTree = "<group>";
		};
		7416D270283F6D6A0042F773 /* Products */ = {
			isa = PBXGroup;
			children = (
				7416D26F283F6D6A0042F773 /* To-Do-List.app */,
			);
			name = Products;
			sourceTree = "<group>";
		};
		7416D271283F6D6A0042F773 /* To-Do-List */ = {
			isa = PBXGroup;
			children = (
				7454A7452861E1B90040243A /* Views */,
				7454A7442861E1A90040243A /* Controllers */,
				7454A7432861E1A40040243A /* Models */,
				7416D27B283F6D6B0042F773 /* Assets.xcassets */,
				7416D280283F6D6B0042F773 /* Info.plist */,
			);
			path = "To-Do-List";
			sourceTree = "<group>";
		};
		7454A7432861E1A40040243A /* Models */ = {
			isa = PBXGroup;
			children = (
				7416D28E283F76F50042F773 /* TaskModel.swift */,
			);
			path = Models;
			sourceTree = "<group>";
		};
		7454A7442861E1A90040243A /* Controllers */ = {
			isa = PBXGroup;
			children = (
				7416D28C283F76E60042F773 /* Delegates.swift */,
				7416D28A283F76810042F773 /* TaskVC.swift */,
				7416D272283F6D6A0042F773 /* AppDelegate.swift */,
				7416D274283F6D6A0042F773 /* SceneDelegate.swift */,
				7416D288283F76160042F773 /* TaskCell.swift */,
				7416D286283F75B00042F773 /* TaskListTVC.swift */,
			);
			path = Controllers;
			sourceTree = "<group>";
		};
		7454A7452861E1B90040243A /* Views */ = {
			isa = PBXGroup;
			children = (
				7454A7462861E1C40040243A /* Storyboards */,
			);
			path = Views;
			sourceTree = "<group>";
		};
		7454A7462861E1C40040243A /* Storyboards */ = {
			isa = PBXGroup;
			children = (
				7416D278283F6D6A0042F773 /* Main.storyboard */,
				7416D27D283F6D6B0042F773 /* LaunchScreen.storyboard */,
			);
			path = Storyboards;
			sourceTree = "<group>";
		};
/* End PBXGroup section */

/* Begin PBXNativeTarget section */
		7416D26E283F6D6A0042F773 /* To-Do-List */ = {
			isa = PBXNativeTarget;
			buildConfigurationList = 7416D283283F6D6B0042F773 /* Build configuration list for PBXNativeTarget "To-Do-List" */;
			buildPhases = (
				7416D26B283F6D6A0042F773 /* Sources */,
				7416D26C283F6D6A0042F773 /* Frameworks */,
				7416D26D283F6D6A0042F773 /* Resources */,
			);
			buildRules = (
			);
			dependencies = (
			);
			name = "To-Do-List";
			productName = "To-Do-List";
			productReference = 7416D26F283F6D6A0042F773 /* To-Do-List.app */;
			productType = "com.apple.product-type.application";
		};
/* End PBXNativeTarget section */

/* Begin PBXProject section */
		7416D267283F6D6A0042F773 /* Project object */ = {
			isa = PBXProject;
			attributes = {
				BuildIndependentTargetsInParallel = 1;
				LastSwiftUpdateCheck = 1340;
				LastUpgradeCheck = 1340;
				TargetAttributes = {
					7416D26E283F6D6A0042F773 = {
						CreatedOnToolsVersion = 13.4;
					};
				};
			};
			buildConfigurationList = 7416D26A283F6D6A0042F773 /* Build configuration list for PBXProject "To-Do-List" */;
			compatibilityVersion = "Xcode 13.0";
			developmentRegion = en;
			hasScannedForEncodings = 0;
			knownRegions = (
				en,
				Base,
			);
			mainGroup = 7416D266283F6D6A0042F773;
			productRefGroup = 7416D270283F6D6A0042F773 /* Products */;
			projectDirPath = "";
			projectRoot = "";
			targets = (
				7416D26E283F6D6A0042F773 /* To-Do-List */,
			);
		};
/* End PBXProject section */

/* Begin PBXResourcesBuildPhase section */
		7416D26D283F6D6A0042F773 /* Resources */ = {
			isa = PBXResourcesBuildPhase;
			buildActionMask = 2147483647;
			files = (
				7416D27F283F6D6B0042F773 /* LaunchScreen.storyboard in Resources */,
				7416D27C283F6D6B0042F773 /* Assets.xcassets in Resources */,
				7416D27A283F6D6A0042F773 /* Main.storyboard in Resources */,
			);
			runOnlyForDeploymentPostprocessing = 0;
		};
/* End PBXResourcesBuildPhase section */

/* Begin PBXSourcesBuildPhase section */
		7416D26B283F6D6A0042F773 /* Sources */ = {
			isa = PBXSourcesBuildPhase;
			buildActionMask = 2147483647;
			files = (
				7416D289283F76160042F773 /* TaskCell.swift in Sources */,
				7416D273283F6D6A0042F773 /* AppDelegate.swift in Sources */,
				7416D275283F6D6A0042F773 /* SceneDelegate.swift in Sources */,
				7416D28B283F76810042F773 /* TaskVC.swift in Sources */,
				7416D28D283F76E60042F773 /* Delegates.swift in Sources */,
				7416D287283F75B00042F773 /* TaskListTVC.swift in Sources */,
				7416D28F283F76F50042F773 /* TaskModel.swift in Sources */,
			);
			runOnlyForDeploymentPostprocessing = 0;
		};
/* End PBXSourcesBuildPhase section */

/* Begin PBXVariantGroup section */
		7416D278283F6D6A0042F773 /* Main.storyboard */ = {
			isa = PBXVariantGroup;
			children = (
				7416D279283F6D6A0042F773 /* Base */,
			);
			name = Main.storyboard;
			sourceTree = "<group>";
		};
		7416D27D283F6D6B0042F773 /* LaunchScreen.storyboard */ = {
			isa = PBXVariantGroup;
			children = (
				7416D27E283F6D6B0042F773 /* Base */,
			);
			name = LaunchScreen.storyboard;
			sourceTree = "<group>";
		};
/* End PBXVariantGroup section */

/* Begin XCBuildConfiguration section */
		7416D281283F6D6B0042F773 /* Debug */ = {
			isa = XCBuildConfiguration;
			buildSettings = {
				ALWAYS_SEARCH_USER_PATHS = NO;
				CLANG_ANALYZER_NONNULL = YES;
				CLANG_ANALYZER_NUMBER_OBJECT_CONVERSION = YES_AGGRESSIVE;
				CLANG_CXX_LANGUAGE_STANDARD = "gnu++17";
				CLANG_ENABLE_MODULES = YES;
				CLANG_ENABLE_OBJC_ARC = YES;
				CLANG_ENABLE_OBJC_WEAK = YES;
				CLANG_WARN_BLOCK_CAPTURE_AUTORELEASING = YES;
				CLANG_WARN_BOOL_CONVERSION = YES;
				CLANG_WARN_COMMA = YES;
				CLANG_WARN_CONSTANT_CONVERSION = YES;
				CLANG_WARN_DEPRECATED_OBJC_IMPLEMENTATIONS = YES;
				CLANG_WARN_DIRECT_OBJC_ISA_USAGE = YES_ERROR;
				CLANG_WARN_DOCUMENTATION_COMMENTS = YES;
				CLANG_WARN_EMPTY_BODY = YES;
				CLANG_WARN_ENUM_CONVERSION = YES;
				CLANG_WARN_INFINITE_RECURSION = YES;
				CLANG_WARN_INT_CONVERSION = YES;
				CLANG_WARN_NON_LITERAL_NULL_CONVERSION = YES;
				CLANG_WARN_OBJC_IMPLICIT_RETAIN_SELF = YES;
				CLANG_WARN_OBJC_LITERAL_CONVERSION = YES;
				CLANG_WARN_OBJC_ROOT_CLASS = YES_ERROR;
				CLANG_WARN_QUOTED_INCLUDE_IN_FRAMEWORK_HEADER = YES;
				CLANG_WARN_RANGE_LOOP_ANALYSIS = YES;
				CLANG_WARN_STRICT_PROTOTYPES = YES;
				CLANG_WARN_SUSPICIOUS_MOVE = YES;
				CLANG_WARN_UNGUARDED_AVAILABILITY = YES_AGGRESSIVE;
				CLANG_WARN_UNREACHABLE_CODE = YES;
				CLANG_WARN__DUPLICATE_METHOD_MATCH = YES;
				COPY_PHASE_STRIP = NO;
				DEBUG_INFORMATION_FORMAT = dwarf;
				ENABLE_STRICT_OBJC_MSGSEND = YES;
				ENABLE_TESTABILITY = YES;
				GCC_C_LANGUAGE_STANDARD = gnu11;
				GCC_DYNAMIC_NO_PIC = NO;
				GCC_NO_COMMON_BLOCKS = YES;
				GCC_OPTIMIZATION_LEVEL = 0;
				GCC_PREPROCESSOR_DEFINITIONS = (
					"DEBUG=1",
					"$(inherited)",
				);
				GCC_WARN_64_TO_32_BIT_CONVERSION = YES;
				GCC_WARN_ABOUT_RETURN_TYPE = YES_ERROR;
				GCC_WARN_UNDECLARED_SELECTOR = YES;
				GCC_WARN_UNINITIALIZED_AUTOS = YES_AGGRESSIVE;
				GCC_WARN_UNUSED_FUNCTION = YES;
				GCC_WARN_UNUSED_VARIABLE = YES;
				IPHONEOS_DEPLOYMENT_TARGET = 15.5;
				MTL_ENABLE_DEBUG_INFO = INCLUDE_SOURCE;
				MTL_FAST_MATH = YES;
				ONLY_ACTIVE_ARCH = YES;
				SDKROOT = iphoneos;
				SWIFT_ACTIVE_COMPILATION_CONDITIONS = DEBUG;
				SWIFT_OPTIMIZATION_LEVEL = "-Onone";
			};
			name = Debug;
		};
		7416D282283F6D6B0042F773 /* Release */ = {
			isa = XCBuildConfiguration;
			buildSettings = {
				ALWAYS_SEARCH_USER_PATHS = NO;
				CLANG_ANALYZER_NONNULL = YES;
				CLANG_ANALYZER_NUMBER_OBJECT_CONVERSION = YES_AGGRESSIVE;
				CLANG_CXX_LANGUAGE_STANDARD = "gnu++17";
				CLANG_ENABLE_MODULES = YES;
				CLANG_ENABLE_OBJC_ARC = YES;
				CLANG_ENABLE_OBJC_WEAK = YES;
				CLANG_WARN_BLOCK_CAPTURE_AUTORELEASING = YES;
				CLANG_WARN_BOOL_CONVERSION = YES;
				CLANG_WARN_COMMA = YES;
				CLANG_WARN_CONSTANT_CONVERSION = YES;
				CLANG_WARN_DEPRECATED_OBJC_IMPLEMENTATIONS = YES;
				CLANG_WARN_DIRECT_OBJC_ISA_USAGE = YES_ERROR;
				CLANG_WARN_DOCUMENTATION_COMMENTS = YES;
				CLANG_WARN_EMPTY_BODY = YES;
				CLANG_WARN_ENUM_CONVERSION = YES;
				CLANG_WARN_INFINITE_RECURSION = YES;
				CLANG_WARN_INT_CONVERSION = YES;
				CLANG_WARN_NON_LITERAL_NULL_CONVERSION = YES;
				CLANG_WARN_OBJC_IMPLICIT_RETAIN_SELF = YES;
				CLANG_WARN_OBJC_LITERAL_CONVERSION = YES;
				CLANG_WARN_OBJC_ROOT_CLASS = YES_ERROR;
				CLANG_WARN_QUOTED_INCLUDE_IN_FRAMEWORK_HEADER = YES;
				CLANG_WARN_RANGE_LOOP_ANALYSIS = YES;
				CLANG_WARN_STRICT_PROTOTYPES = YES;
				CLANG_WARN_SUSPICIOUS_MOVE = YES;
				CLANG_WARN_UNGUARDED_AVAILABILITY = YES_AGGRESSIVE;
				CLANG_WARN_UNREACHABLE_CODE = YES;
				CLANG_WARN__DUPLICATE_METHOD_MATCH = YES;
				COPY_PHASE_STRIP = NO;
				DEBUG_INFORMATION_FORMAT = "dwarf-with-dsym";
				ENABLE_NS_ASSERTIONS = NO;
				ENABLE_STRICT_OBJC_MSGSEND = YES;
				GCC_C_LANGUAGE_STANDARD = gnu11;
				GCC_NO_COMMON_BLOCKS = YES;
				GCC_WARN_64_TO_32_BIT_CONVERSION = YES;
				GCC_WARN_ABOUT_RETURN_TYPE = YES_ERROR;
				GCC_WARN_UNDECLARED_SELECTOR = YES;
				GCC_WARN_UNINITIALIZED_AUTOS = YES_AGGRESSIVE;
				GCC_WARN_UNUSED_FUNCTION = YES;
				GCC_WARN_UNUSED_VARIABLE = YES;
				IPHONEOS_DEPLOYMENT_TARGET = 15.5;
				MTL_ENABLE_DEBUG_INFO = NO;
				MTL_FAST_MATH = YES;
				SDKROOT = iphoneos;
				SWIFT_COMPILATION_MODE = wholemodule;
				SWIFT_OPTIMIZATION_LEVEL = "-O";
				VALIDATE_PRODUCT = YES;
			};
			name = Release;
		};
		7416D284283F6D6B0042F773 /* Debug */ = {
			isa = XCBuildConfiguration;
			buildSettings = {
				ASSETCATALOG_COMPILER_APPICON_NAME = AppIcon;
				ASSETCATALOG_COMPILER_GLOBAL_ACCENT_COLOR_NAME = AccentColor;
				CODE_SIGN_STYLE = Automatic;
				CURRENT_PROJECT_VERSION = 1;
				DEVELOPMENT_TEAM = U7ZDXSR8K9;
				GENERATE_INFOPLIST_FILE = YES;
				INFOPLIST_FILE = "To-Do-List/Info.plist";
				INFOPLIST_KEY_UIApplicationSupportsIndirectInputEvents = YES;
				INFOPLIST_KEY_UILaunchStoryboardName = LaunchScreen;
				INFOPLIST_KEY_UIMainStoryboardFile = Main;
				INFOPLIST_KEY_UISupportedInterfaceOrientations_iPad = "UIInterfaceOrientationPortrait UIInterfaceOrientationPortraitUpsideDown UIInterfaceOrientationLandscapeLeft UIInterfaceOrientationLandscapeRight";
				INFOPLIST_KEY_UISupportedInterfaceOrientations_iPhone = "UIInterfaceOrientationPortrait UIInterfaceOrientationLandscapeLeft UIInterfaceOrientationLandscapeRight";
				LD_RUNPATH_SEARCH_PATHS = (
					"$(inherited)",
					"@executable_path/Frameworks",
				);
				MARKETING_VERSION = 1.0;
				PRODUCT_BUNDLE_IDENTIFIER = "Igor.Korovyanskiy.To-Do-List";
				PRODUCT_NAME = "$(TARGET_NAME)";
				SWIFT_EMIT_LOC_STRINGS = YES;
				SWIFT_VERSION = 5.0;
				TARGETED_DEVICE_FAMILY = "1,2";
			};
			name = Debug;
		};
		7416D285283F6D6B0042F773 /* Release */ = {
			isa = XCBuildConfiguration;
			buildSettings = {
				ASSETCATALOG_COMPILER_APPICON_NAME = AppIcon;
				ASSETCATALOG_COMPILER_GLOBAL_ACCENT_COLOR_NAME = AccentColor;
				CODE_SIGN_STYLE = Automatic;
				CURRENT_PROJECT_VERSION = 1;
				DEVELOPMENT_TEAM = U7ZDXSR8K9;
				GENERATE_INFOPLIST_FILE = YES;
				INFOPLIST_FILE = "To-Do-List/Info.plist";
				INFOPLIST_KEY_UIApplicationSupportsIndirectInputEvents = YES;
				INFOPLIST_KEY_UILaunchStoryboardName = LaunchScreen;
				INFOPLIST_KEY_UIMainStoryboardFile = Main;
				INFOPLIST_KEY_UISupportedInterfaceOrientations_iPad = "UIInterfaceOrientationPortrait UIInterfaceOrientationPortraitUpsideDown UIInterfaceOrientationLandscapeLeft UIInterfaceOrientationLandscapeRight";
				INFOPLIST_KEY_UISupportedInterfaceOrientations_iPhone = "UIInterfaceOrientationPortrait UIInterfaceOrientationLandscapeLeft UIInterfaceOrientationLandscapeRight";
				LD_RUNPATH_SEARCH_PATHS = (
					"$(inherited)",
					"@executable_path/Frameworks",
				);
				MARKETING_VERSION = 1.0;
				PRODUCT_BUNDLE_IDENTIFIER = "Igor.Korovyanskiy.To-Do-List";
				PRODUCT_NAME = "$(TARGET_NAME)";
				SWIFT_EMIT_LOC_STRINGS = YES;
				SWIFT_VERSION = 5.0;
				TARGETED_DEVICE_FAMILY = "1,2";
			};
			name = Release;
		};
/* End XCBuildConfiguration section */

/* Begin XCConfigurationList section */
		7416D26A283F6D6A0042F773 /* Build configuration list for PBXProject "To-Do-List" */ = {
			isa = XCConfigurationList;
			buildConfigurations = (
				7416D281283F6D6B0042F773 /* Debug */,
				7416D282283F6D6B0042F773 /* Release */,
			);
			defaultConfigurationIsVisible = 0;
			defaultConfigurationName = Release;
		};
		7416D283283F6D6B0042F773 /* Build configuration list for PBXNativeTarget "To-Do-List" */ = {
			isa = XCConfigurationList;
			buildConfigurations = (
				7416D284283F6D6B0042F773 /* Debug */,
				7416D285283F6D6B0042F773 /* Release */,
			);
			defaultConfigurationIsVisible = 0;
			defaultConfigurationName = Release;
		};
/* End XCConfigurationList section */
	};
	rootObject = 7416D267283F6D6A0042F773 /* Project object */;
}
